{
  "name": "@anatolijlaptev1991/hermes-ru",
  "version": "0.19.7",
  "lockfileVersion": 3,
  "requires": true,
  "packages": {
    "": {
      "name": "@anatolijlaptev1991/hermes-ru",
      "version": "0.19.7",
      "license": "MIT",
      "os": [
        "win32"
      ],
      "bin": {
        "hermes-ru": "bin/cli.js"
      },
      "engines": {
        "node": ">=18"
      }
    }
  }
}
